
Microsoft Visual Studio Solution File, Format Version 12.00
# Visual Studio 15
VisualStudioVersion = 15.0.28307.421
MinimumVisualStudioVersion = 10.0.40219.1
Project("{FAE04EC0-301F-11D3-BF4B-00C04F79EFBC}") = "GustoGame", "GustoGame\GustoGame.csproj", "{23ECB796-674F-4A7B-9BCF-414FFCC5EBA0}"
EndProject
Global
	GlobalSection(SolutionConfigurationPlatforms) = preSolution
		Debug|Any CPU = Debug|Any CPU
		Release|Any CPU = Release|Any CPU
	EndGlobalSection
	GlobalSection(ProjectConfigurationPlatforms) = postSolution
		{23ECB796-674F-4A7B-9BCF-414FFCC5EBA0}.Debug|Any CPU.ActiveCfg = Debug|Any CPU
		{23ECB796-674F-4A7B-9BCF-414FFCC5EBA0}.Debug|Any CPU.Build.0 = Debug|Any CPU
		{23ECB796-674F-4A7B-9BCF-414FFCC5EBA0}.Release|Any CPU.ActiveCfg = Release|Any CPU
		{23ECB796-674F-4A7B-9BCF-414FFCC5EBA0}.Release|Any CPU.Build.0 = Release|Any CPU
	EndGlobalSection
	GlobalSection(SolutionProperties) = preSolution
		HideSolutionNode = FALSE
	EndGlobalSection
	GlobalSection(ExtensibilityGlobals) = postSolution
		SolutionGuid = {BAB12E0C-B1C9-45AF-AF79-EFA0D5C4466F}
	EndGlobalSection
EndGlobal
